
Microsoft Visual Studio Solution File, Format Version 12.00
# Visual Studio 15
Project("{FAE04EC0-301F-11D3-BF4B-00C04F79EFBC}") = "Effectors2D", "Effectors2D.csproj", "{723A0AC5-77F3-BA09-779C-9DEE859BBFDE}"
EndProject
Project("{FAE04EC0-301F-11D3-BF4B-00C04F79EFBC}") = "Effectors2D.Editor", "Effectors2D.Editor.csproj", "{97734DB0-FA5B-1BC8-7625-5889F29B0634}"
EndProject
Global
	GlobalSection(SolutionConfigurationPlatforms) = preSolution
		Debug|Any CPU = Debug|Any CPU
		Release|Any CPU = Release|Any CPU
	EndGlobalSection
	GlobalSection(ProjectConfigurationPlatforms) = postSolution
		{723A0AC5-77F3-BA09-779C-9DEE859BBFDE}.Debug|Any CPU.ActiveCfg = Debug|Any CPU
		{723A0AC5-77F3-BA09-779C-9DEE859BBFDE}.Debug|Any CPU.Build.0 = Debug|Any CPU
		{723A0AC5-77F3-BA09-779C-9DEE859BBFDE}.Release|Any CPU.ActiveCfg = Release|Any CPU
		{723A0AC5-77F3-BA09-779C-9DEE859BBFDE}.Release|Any CPU.Build.0 = Release|Any CPU
		{97734DB0-FA5B-1BC8-7625-5889F29B0634}.Debug|Any CPU.ActiveCfg = Debug|Any CPU
		{97734DB0-FA5B-1BC8-7625-5889F29B0634}.Debug|Any CPU.Build.0 = Debug|Any CPU
		{97734DB0-FA5B-1BC8-7625-5889F29B0634}.Release|Any CPU.ActiveCfg = Release|Any CPU
		{97734DB0-FA5B-1BC8-7625-5889F29B0634}.Release|Any CPU.Build.0 = Release|Any CPU
	EndGlobalSection
	GlobalSection(SolutionProperties) = preSolution
		HideSolutionNode = FALSE
	EndGlobalSection
EndGlobal
